
Microsoft Visual Studio Solution File, Format Version 9.00
# Visual Studio 2005
Project("{8BC9CEB8-8B4A-11D0-8D11-00A0C91BC942}") = "rpc_example_server", "rpc_example_server.vc2005.vcproj", "{CE7073F8-FF87-408F-B712-7C7187E23237}"
	ProjectSection(ProjectDependencies) = postProject
		{130919A2-2ACE-4A45-B16D-EA13A413B3E5} = {130919A2-2ACE-4A45-B16D-EA13A413B3E5}
	EndProjectSection
EndProject
Project("{8BC9CEB8-8B4A-11D0-8D11-00A0C91BC942}") = "common", "..\..\..\vcproject\common.vc2005.vcproj", "{130919A2-2ACE-4A45-B16D-EA13A413B3E5}"
EndProject
Project("{8BC9CEB8-8B4A-11D0-8D11-00A0C91BC942}") = "rpc_example_client", "rpc_example_client.vc2005.vcproj", "{B44A9F2F-1A61-44AA-BFC6-F176D9E48C25}"
	ProjectSection(ProjectDependencies) = postProject
		{130919A2-2ACE-4A45-B16D-EA13A413B3E5} = {130919A2-2ACE-4A45-B16D-EA13A413B3E5}
	EndProjectSection
EndProject
Global
	GlobalSection(SolutionConfigurationPlatforms) = preSolution
		Debug|Win32 = Debug|Win32
		Release|Win32 = Release|Win32
	EndGlobalSection
	GlobalSection(ProjectConfigurationPlatforms) = postSolution
		{CE7073F8-FF87-408F-B712-7C7187E23237}.Debug|Win32.ActiveCfg = Debug|Win32
		{CE7073F8-FF87-408F-B712-7C7187E23237}.Debug|Win32.Build.0 = Debug|Win32
		{CE7073F8-FF87-408F-B712-7C7187E23237}.Release|Win32.ActiveCfg = Release|Win32
		{CE7073F8-FF87-408F-B712-7C7187E23237}.Release|Win32.Build.0 = Release|Win32
		{130919A2-2ACE-4A45-B16D-EA13A413B3E5}.Debug|Win32.ActiveCfg = Debug|Win32
		{130919A2-2ACE-4A45-B16D-EA13A413B3E5}.Debug|Win32.Build.0 = Debug|Win32
		{130919A2-2ACE-4A45-B16D-EA13A413B3E5}.Release|Win32.ActiveCfg = Release|Win32
		{130919A2-2ACE-4A45-B16D-EA13A413B3E5}.Release|Win32.Build.0 = Release|Win32
		{B44A9F2F-1A61-44AA-BFC6-F176D9E48C25}.Debug|Win32.ActiveCfg = Debug|Win32
		{B44A9F2F-1A61-44AA-BFC6-F176D9E48C25}.Debug|Win32.Build.0 = Debug|Win32
		{B44A9F2F-1A61-44AA-BFC6-F176D9E48C25}.Release|Win32.ActiveCfg = Release|Win32
		{B44A9F2F-1A61-44AA-BFC6-F176D9E48C25}.Release|Win32.Build.0 = Release|Win32
	EndGlobalSection
	GlobalSection(SolutionProperties) = preSolution
		HideSolutionNode = FALSE
	EndGlobalSection
EndGlobal
