
Microsoft Visual Studio Solution File, Format Version 10.00
# Visual Studio 2008
Project("{8BC9CEB8-8B4A-11D0-8D11-00A0C91BC942}") = "build_resource", "build_resource._vc2008.vcproj", "{2DAFC248-7BA2-49E4-BD81-CCC49E11DE72}"
EndProject
Global
	GlobalSection(SolutionConfigurationPlatforms) = preSolution
		Debug|Win32 = Debug|Win32
		Release|Win32 = Release|Win32
	EndGlobalSection
	GlobalSection(ProjectConfigurationPlatforms) = postSolution
		{2DAFC248-7BA2-49E4-BD81-CCC49E11DE72}.Debug|Win32.ActiveCfg = Debug|Win32
		{2DAFC248-7BA2-49E4-BD81-CCC49E11DE72}.Debug|Win32.Build.0 = Debug|Win32
		{2DAFC248-7BA2-49E4-BD81-CCC49E11DE72}.Release|Win32.ActiveCfg = Release|Win32
		{2DAFC248-7BA2-49E4-BD81-CCC49E11DE72}.Release|Win32.Build.0 = Release|Win32
	EndGlobalSection
	GlobalSection(SolutionProperties) = preSolution
		HideSolutionNode = FALSE
	EndGlobalSection
EndGlobal
