
Microsoft Visual Studio Solution File, Format Version 10.00
# Visual Studio 2008
Project("{8BC9CEB8-8B4A-11D0-8D11-00A0C91BC942}") = "common_vc2008", "common_vc2008.vcproj", "{130919A2-2ACE-4A45-B16D-EA13A413B3E5}"
EndProject
Project("{8BC9CEB8-8B4A-11D0-8D11-00A0C91BC942}") = "common_file_recordio_jna_vc2008", "common_file_recordio_jna_vc2008.vcproj", "{70F74FF8-D49B-45CC-9C16-A5744D7DC1E6}"
EndProject
Project("{8BC9CEB8-8B4A-11D0-8D11-00A0C91BC942}") = "common_unittest_vc2008", "common_unittest_vc2008.vcproj", "{84C29785-3B73-442F-9DE8-6549EA188210}"
	ProjectSection(ProjectDependencies) = postProject
		{772C2111-BBBF-49E6-B912-198A7F7A88E5} = {772C2111-BBBF-49E6-B912-198A7F7A88E5}
		{C8F6C172-56F2-4E76-B5FA-C3B423B31BE8} = {C8F6C172-56F2-4E76-B5FA-C3B423B31BE8}
		{130919A2-2ACE-4A45-B16D-EA13A413B3E5} = {130919A2-2ACE-4A45-B16D-EA13A413B3E5}
		{457BE2A6-91F5-4E2C-89E3-30D30F53B272} = {457BE2A6-91F5-4E2C-89E3-30D30F53B272}
		{C9755FB3-372B-458A-8480-2BB0BB9A52C0} = {C9755FB3-372B-458A-8480-2BB0BB9A52C0}
		{70F74FF8-D49B-45CC-9C16-A5744D7DC1E6} = {70F74FF8-D49B-45CC-9C16-A5744D7DC1E6}
	EndProjectSection
EndProject
Project("{8BC9CEB8-8B4A-11D0-8D11-00A0C91BC942}") = "libglog_static_vc2008", "..\..\thirdparty\glog-0.3.2\vsprojects\libglog_static\libglog_static_2008.vcproj", "{772C2111-BBBF-49E6-B912-198A7F7A88E5}"
EndProject
Project("{8BC9CEB8-8B4A-11D0-8D11-00A0C91BC942}") = "libgflags_mt_vc2008", "..\..\thirdparty\gflags-2.0\vsprojects\libgflags\libgflags_mt_2008.vcproj", "{C9755FB3-372B-458A-8480-2BB0BB9A52C0}"
EndProject
Project("{8BC9CEB8-8B4A-11D0-8D11-00A0C91BC942}") = "gtest_mt_vc2008", "..\..\thirdparty\gtest-1.6.0\msvc\gtest_mt_vc2008.vcproj", "{C8F6C172-56F2-4E76-B5FA-C3B423B31BE8}"
EndProject
Project("{8BC9CEB8-8B4A-11D0-8D11-00A0C91BC942}") = "libprotobuf_vc2008", "..\..\thirdparty\protobuf-2.3.0\vsprojects\libprotobuf_vc2008.vcproj", "{457BE2A6-91F5-4E2C-89E3-30D30F53B272}"
EndProject
Global
	GlobalSection(SolutionConfigurationPlatforms) = preSolution
		Debug|Win32 = Debug|Win32
		Release|Win32 = Release|Win32
	EndGlobalSection
	GlobalSection(ProjectConfigurationPlatforms) = postSolution
		{130919A2-2ACE-4A45-B16D-EA13A413B3E5}.Debug|Win32.ActiveCfg = Debug|Win32
		{130919A2-2ACE-4A45-B16D-EA13A413B3E5}.Debug|Win32.Build.0 = Debug|Win32
		{130919A2-2ACE-4A45-B16D-EA13A413B3E5}.Release|Win32.ActiveCfg = Release|Win32
		{130919A2-2ACE-4A45-B16D-EA13A413B3E5}.Release|Win32.Build.0 = Release|Win32
		{70F74FF8-D49B-45CC-9C16-A5744D7DC1E6}.Debug|Win32.ActiveCfg = Debug|Win32
		{70F74FF8-D49B-45CC-9C16-A5744D7DC1E6}.Debug|Win32.Build.0 = Debug|Win32
		{70F74FF8-D49B-45CC-9C16-A5744D7DC1E6}.Release|Win32.ActiveCfg = Release|Win32
		{70F74FF8-D49B-45CC-9C16-A5744D7DC1E6}.Release|Win32.Build.0 = Release|Win32
		{84C29785-3B73-442F-9DE8-6549EA188210}.Debug|Win32.ActiveCfg = Debug|Win32
		{84C29785-3B73-442F-9DE8-6549EA188210}.Debug|Win32.Build.0 = Debug|Win32
		{84C29785-3B73-442F-9DE8-6549EA188210}.Release|Win32.ActiveCfg = Release|Win32
		{84C29785-3B73-442F-9DE8-6549EA188210}.Release|Win32.Build.0 = Release|Win32
		{772C2111-BBBF-49E6-B912-198A7F7A88E5}.Debug|Win32.ActiveCfg = Debug|Win32
		{772C2111-BBBF-49E6-B912-198A7F7A88E5}.Debug|Win32.Build.0 = Debug|Win32
		{772C2111-BBBF-49E6-B912-198A7F7A88E5}.Release|Win32.ActiveCfg = Release|Win32
		{772C2111-BBBF-49E6-B912-198A7F7A88E5}.Release|Win32.Build.0 = Release|Win32
		{C9755FB3-372B-458A-8480-2BB0BB9A52C0}.Debug|Win32.ActiveCfg = Debug|Win32
		{C9755FB3-372B-458A-8480-2BB0BB9A52C0}.Debug|Win32.Build.0 = Debug|Win32
		{C9755FB3-372B-458A-8480-2BB0BB9A52C0}.Release|Win32.ActiveCfg = Release|Win32
		{C9755FB3-372B-458A-8480-2BB0BB9A52C0}.Release|Win32.Build.0 = Release|Win32
		{C8F6C172-56F2-4E76-B5FA-C3B423B31BE8}.Debug|Win32.ActiveCfg = Debug|Win32
		{C8F6C172-56F2-4E76-B5FA-C3B423B31BE8}.Debug|Win32.Build.0 = Debug|Win32
		{C8F6C172-56F2-4E76-B5FA-C3B423B31BE8}.Release|Win32.ActiveCfg = Release|Win32
		{C8F6C172-56F2-4E76-B5FA-C3B423B31BE8}.Release|Win32.Build.0 = Release|Win32
		{457BE2A6-91F5-4E2C-89E3-30D30F53B272}.Debug|Win32.ActiveCfg = Debug|Win32
		{457BE2A6-91F5-4E2C-89E3-30D30F53B272}.Debug|Win32.Build.0 = Debug|Win32
		{457BE2A6-91F5-4E2C-89E3-30D30F53B272}.Release|Win32.ActiveCfg = Release|Win32
		{457BE2A6-91F5-4E2C-89E3-30D30F53B272}.Release|Win32.Build.0 = Release|Win32
	EndGlobalSection
	GlobalSection(SolutionProperties) = preSolution
		HideSolutionNode = FALSE
	EndGlobalSection
EndGlobal
