
Microsoft Visual Studio Solution File, Format Version 10.00
# Visual Studio 2008
Project("{8BC9CEB8-8B4A-11D0-8D11-00A0C91BC942}") = "base", "base.vcproj", "{5C5BC066-2D99-4A9A-93D6-2E49832AF81B}"
EndProject
Project("{8BC9CEB8-8B4A-11D0-8D11-00A0C91BC942}") = "common_unittest", "common_unittest.vcproj", "{AF96EFFF-DFD6-4560-98D8-AB11BD0A8038}"
	ProjectSection(ProjectDependencies) = postProject
		{AC6C9F4A-3E49-460A-A97C-6AC029EF9F97} = {AC6C9F4A-3E49-460A-A97C-6AC029EF9F97}
		{570B6756-B175-487C-9CA1-6E34F12ADB56} = {570B6756-B175-487C-9CA1-6E34F12ADB56}
		{EDBC9C5F-D754-4287-9DF3-9E6E2A08A4FC} = {EDBC9C5F-D754-4287-9DF3-9E6E2A08A4FC}
		{5C5BC066-2D99-4A9A-93D6-2E49832AF81B} = {5C5BC066-2D99-4A9A-93D6-2E49832AF81B}
		{07D4E36B-9F34-4261-AB20-9F333CBA85A7} = {07D4E36B-9F34-4261-AB20-9F333CBA85A7}
		{33C00CAF-3707-4927-9678-C95188CE9D83} = {33C00CAF-3707-4927-9678-C95188CE9D83}
		{4221E4C1-4B5D-433A-A176-5D8CCAE5B6DD} = {4221E4C1-4B5D-433A-A176-5D8CCAE5B6DD}
		{30AD7ED4-69C4-4157-A505-B34DB852D62A} = {30AD7ED4-69C4-4157-A505-B34DB852D62A}
		{C66A3CE2-2EE4-45A8-B6EB-F16F05103864} = {C66A3CE2-2EE4-45A8-B6EB-F16F05103864}
		{5E703CE9-C6EE-408C-A872-FC54BFA4A091} = {5E703CE9-C6EE-408C-A872-FC54BFA4A091}
	EndProjectSection
EndProject
Project("{8BC9CEB8-8B4A-11D0-8D11-00A0C91BC942}") = "algorithm", "algorithm.vcproj", "{7402A105-F1F0-4AEB-AE1B-117F51D21AB0}"
EndProject
Project("{8BC9CEB8-8B4A-11D0-8D11-00A0C91BC942}") = "encoding", "encoding.vcproj", "{AEA80749-2CC6-4DE8-A3BE-AACB4659C72F}"
EndProject
Project("{8BC9CEB8-8B4A-11D0-8D11-00A0C91BC942}") = "collection", "collection.vcproj", "{79C580C5-D89E-49DF-97B5-BD7FFB5495F3}"
EndProject
Project("{8BC9CEB8-8B4A-11D0-8D11-00A0C91BC942}") = "system", "system.vcproj", "{33C00CAF-3707-4927-9678-C95188CE9D83}"
EndProject
Project("{8BC9CEB8-8B4A-11D0-8D11-00A0C91BC942}") = "config", "config.vcproj", "{07D4E36B-9F34-4261-AB20-9F333CBA85A7}"
EndProject
Project("{8BC9CEB8-8B4A-11D0-8D11-00A0C91BC942}") = "crypto", "crypto.vcproj", "{C66A3CE2-2EE4-45A8-B6EB-F16F05103864}"
EndProject
Project("{8BC9CEB8-8B4A-11D0-8D11-00A0C91BC942}") = "web", "web.vcproj", "{EDBC9C5F-D754-4287-9DF3-9E6E2A08A4FC}"
EndProject
Project("{8BC9CEB8-8B4A-11D0-8D11-00A0C91BC942}") = "text", "text.vcproj", "{AC6C9F4A-3E49-460A-A97C-6AC029EF9F97}"
EndProject
Project("{8BC9CEB8-8B4A-11D0-8D11-00A0C91BC942}") = "testing", "testing.vcproj", "{30AD7ED4-69C4-4157-A505-B34DB852D62A}"
EndProject
Project("{8BC9CEB8-8B4A-11D0-8D11-00A0C91BC942}") = "log", "log.vcproj", "{570B6756-B175-487C-9CA1-6E34F12ADB56}"
EndProject
Project("{8BC9CEB8-8B4A-11D0-8D11-00A0C91BC942}") = "file", "file.vcproj", "{5E703CE9-C6EE-408C-A872-FC54BFA4A091}"
EndProject
Project("{8BC9CEB8-8B4A-11D0-8D11-00A0C91BC942}") = "compress", "compress.vcproj", "{E87E6414-BAF5-41B4-8857-E308F2B5D458}"
EndProject
Project("{8BC9CEB8-8B4A-11D0-8D11-00A0C91BC942}") = "base_protocol", "base_protocol.vcproj", "{4221E4C1-4B5D-433A-A176-5D8CCAE5B6DD}"
EndProject
Project("{8BC9CEB8-8B4A-11D0-8D11-00A0C91BC942}") = "netframe", "netframe.vcproj", "{03C13F8E-CCE0-4DC6-B2B9-5CF79BD57A34}"
EndProject
Project("{8BC9CEB8-8B4A-11D0-8D11-00A0C91BC942}") = "librpc", "rpc.vcproj", "{357EB487-F6FE-4802-95E8-031AA94F5902}"
	ProjectSection(ProjectDependencies) = postProject
		{5C5BC066-2D99-4A9A-93D6-2E49832AF81B} = {5C5BC066-2D99-4A9A-93D6-2E49832AF81B}
		{03C13F8E-CCE0-4DC6-B2B9-5CF79BD57A34} = {03C13F8E-CCE0-4DC6-B2B9-5CF79BD57A34}
		{33C00CAF-3707-4927-9678-C95188CE9D83} = {33C00CAF-3707-4927-9678-C95188CE9D83}
	EndProjectSection
EndProject
Global
	GlobalSection(SolutionConfigurationPlatforms) = preSolution
		Debug|Win32 = Debug|Win32
		Release|Win32 = Release|Win32
	EndGlobalSection
	GlobalSection(ProjectConfigurationPlatforms) = postSolution
		{5C5BC066-2D99-4A9A-93D6-2E49832AF81B}.Debug|Win32.ActiveCfg = Debug|Win32
		{5C5BC066-2D99-4A9A-93D6-2E49832AF81B}.Debug|Win32.Build.0 = Debug|Win32
		{5C5BC066-2D99-4A9A-93D6-2E49832AF81B}.Release|Win32.ActiveCfg = Release|Win32
		{5C5BC066-2D99-4A9A-93D6-2E49832AF81B}.Release|Win32.Build.0 = Release|Win32
		{AF96EFFF-DFD6-4560-98D8-AB11BD0A8038}.Debug|Win32.ActiveCfg = Debug|Win32
		{AF96EFFF-DFD6-4560-98D8-AB11BD0A8038}.Debug|Win32.Build.0 = Debug|Win32
		{AF96EFFF-DFD6-4560-98D8-AB11BD0A8038}.Release|Win32.ActiveCfg = Release|Win32
		{AF96EFFF-DFD6-4560-98D8-AB11BD0A8038}.Release|Win32.Build.0 = Release|Win32
		{7402A105-F1F0-4AEB-AE1B-117F51D21AB0}.Debug|Win32.ActiveCfg = Debug|Win32
		{7402A105-F1F0-4AEB-AE1B-117F51D21AB0}.Debug|Win32.Build.0 = Debug|Win32
		{7402A105-F1F0-4AEB-AE1B-117F51D21AB0}.Release|Win32.ActiveCfg = Release|Win32
		{7402A105-F1F0-4AEB-AE1B-117F51D21AB0}.Release|Win32.Build.0 = Release|Win32
		{AEA80749-2CC6-4DE8-A3BE-AACB4659C72F}.Debug|Win32.ActiveCfg = Debug|Win32
		{AEA80749-2CC6-4DE8-A3BE-AACB4659C72F}.Debug|Win32.Build.0 = Debug|Win32
		{AEA80749-2CC6-4DE8-A3BE-AACB4659C72F}.Release|Win32.ActiveCfg = Release|Win32
		{AEA80749-2CC6-4DE8-A3BE-AACB4659C72F}.Release|Win32.Build.0 = Release|Win32
		{79C580C5-D89E-49DF-97B5-BD7FFB5495F3}.Debug|Win32.ActiveCfg = Debug|Win32
		{79C580C5-D89E-49DF-97B5-BD7FFB5495F3}.Debug|Win32.Build.0 = Debug|Win32
		{79C580C5-D89E-49DF-97B5-BD7FFB5495F3}.Release|Win32.ActiveCfg = Release|Win32
		{79C580C5-D89E-49DF-97B5-BD7FFB5495F3}.Release|Win32.Build.0 = Release|Win32
		{33C00CAF-3707-4927-9678-C95188CE9D83}.Debug|Win32.ActiveCfg = Debug|Win32
		{33C00CAF-3707-4927-9678-C95188CE9D83}.Debug|Win32.Build.0 = Debug|Win32
		{33C00CAF-3707-4927-9678-C95188CE9D83}.Release|Win32.ActiveCfg = Release|Win32
		{33C00CAF-3707-4927-9678-C95188CE9D83}.Release|Win32.Build.0 = Release|Win32
		{07D4E36B-9F34-4261-AB20-9F333CBA85A7}.Debug|Win32.ActiveCfg = Debug|Win32
		{07D4E36B-9F34-4261-AB20-9F333CBA85A7}.Debug|Win32.Build.0 = Debug|Win32
		{07D4E36B-9F34-4261-AB20-9F333CBA85A7}.Release|Win32.ActiveCfg = Release|Win32
		{07D4E36B-9F34-4261-AB20-9F333CBA85A7}.Release|Win32.Build.0 = Release|Win32
		{C66A3CE2-2EE4-45A8-B6EB-F16F05103864}.Debug|Win32.ActiveCfg = Debug|Win32
		{C66A3CE2-2EE4-45A8-B6EB-F16F05103864}.Debug|Win32.Build.0 = Debug|Win32
		{C66A3CE2-2EE4-45A8-B6EB-F16F05103864}.Release|Win32.ActiveCfg = Release|Win32
		{C66A3CE2-2EE4-45A8-B6EB-F16F05103864}.Release|Win32.Build.0 = Release|Win32
		{EDBC9C5F-D754-4287-9DF3-9E6E2A08A4FC}.Debug|Win32.ActiveCfg = Debug|Win32
		{EDBC9C5F-D754-4287-9DF3-9E6E2A08A4FC}.Debug|Win32.Build.0 = Debug|Win32
		{EDBC9C5F-D754-4287-9DF3-9E6E2A08A4FC}.Release|Win32.ActiveCfg = Release|Win32
		{EDBC9C5F-D754-4287-9DF3-9E6E2A08A4FC}.Release|Win32.Build.0 = Release|Win32
		{AC6C9F4A-3E49-460A-A97C-6AC029EF9F97}.Debug|Win32.ActiveCfg = Debug|Win32
		{AC6C9F4A-3E49-460A-A97C-6AC029EF9F97}.Debug|Win32.Build.0 = Debug|Win32
		{AC6C9F4A-3E49-460A-A97C-6AC029EF9F97}.Release|Win32.ActiveCfg = Release|Win32
		{AC6C9F4A-3E49-460A-A97C-6AC029EF9F97}.Release|Win32.Build.0 = Release|Win32
		{30AD7ED4-69C4-4157-A505-B34DB852D62A}.Debug|Win32.ActiveCfg = Debug|Win32
		{30AD7ED4-69C4-4157-A505-B34DB852D62A}.Debug|Win32.Build.0 = Debug|Win32
		{30AD7ED4-69C4-4157-A505-B34DB852D62A}.Release|Win32.ActiveCfg = Release|Win32
		{30AD7ED4-69C4-4157-A505-B34DB852D62A}.Release|Win32.Build.0 = Release|Win32
		{570B6756-B175-487C-9CA1-6E34F12ADB56}.Debug|Win32.ActiveCfg = Debug|Win32
		{570B6756-B175-487C-9CA1-6E34F12ADB56}.Debug|Win32.Build.0 = Debug|Win32
		{570B6756-B175-487C-9CA1-6E34F12ADB56}.Release|Win32.ActiveCfg = Release|Win32
		{570B6756-B175-487C-9CA1-6E34F12ADB56}.Release|Win32.Build.0 = Release|Win32
		{5E703CE9-C6EE-408C-A872-FC54BFA4A091}.Debug|Win32.ActiveCfg = Debug|Win32
		{5E703CE9-C6EE-408C-A872-FC54BFA4A091}.Debug|Win32.Build.0 = Debug|Win32
		{5E703CE9-C6EE-408C-A872-FC54BFA4A091}.Release|Win32.ActiveCfg = Release|Win32
		{5E703CE9-C6EE-408C-A872-FC54BFA4A091}.Release|Win32.Build.0 = Release|Win32
		{E87E6414-BAF5-41B4-8857-E308F2B5D458}.Debug|Win32.ActiveCfg = Debug|Win32
		{E87E6414-BAF5-41B4-8857-E308F2B5D458}.Debug|Win32.Build.0 = Debug|Win32
		{E87E6414-BAF5-41B4-8857-E308F2B5D458}.Release|Win32.ActiveCfg = Release|Win32
		{E87E6414-BAF5-41B4-8857-E308F2B5D458}.Release|Win32.Build.0 = Release|Win32
		{4221E4C1-4B5D-433A-A176-5D8CCAE5B6DD}.Debug|Win32.ActiveCfg = Debug|Win32
		{4221E4C1-4B5D-433A-A176-5D8CCAE5B6DD}.Debug|Win32.Build.0 = Debug|Win32
		{4221E4C1-4B5D-433A-A176-5D8CCAE5B6DD}.Release|Win32.ActiveCfg = Release|Win32
		{4221E4C1-4B5D-433A-A176-5D8CCAE5B6DD}.Release|Win32.Build.0 = Release|Win32
		{03C13F8E-CCE0-4DC6-B2B9-5CF79BD57A34}.Debug|Win32.ActiveCfg = Debug|Win32
		{03C13F8E-CCE0-4DC6-B2B9-5CF79BD57A34}.Debug|Win32.Build.0 = Debug|Win32
		{03C13F8E-CCE0-4DC6-B2B9-5CF79BD57A34}.Release|Win32.ActiveCfg = Release|Win32
		{03C13F8E-CCE0-4DC6-B2B9-5CF79BD57A34}.Release|Win32.Build.0 = Release|Win32
		{357EB487-F6FE-4802-95E8-031AA94F5902}.Debug|Win32.ActiveCfg = Debug|Win32
		{357EB487-F6FE-4802-95E8-031AA94F5902}.Debug|Win32.Build.0 = Debug|Win32
		{357EB487-F6FE-4802-95E8-031AA94F5902}.Release|Win32.ActiveCfg = Release|Win32
		{357EB487-F6FE-4802-95E8-031AA94F5902}.Release|Win32.Build.0 = Release|Win32
	EndGlobalSection
	GlobalSection(SolutionProperties) = preSolution
		HideSolutionNode = FALSE
	EndGlobalSection
EndGlobal
